// !$*UTF8*$!
{
	archiveVersion = 1;
	classes = {
	};
	objectVersion = 50;
	objects = {

/* Begin PBXBuildFile section */
		FCE0680E270DE4C700084AE9 /* AppDelegate.swift in Sources */ = {isa = PBXBuildFile; fileRef = FCE0680D270DE4C700084AE9 /* AppDelegate.swift */; };
		FCE06810270DE4C700084AE9 /* SceneDelegate.swift in Sources */ = {isa = PBXBuildFile; fileRef = FCE0680F270DE4C700084AE9 /* SceneDelegate.swift */; };
		FCE06815270DE4C700084AE9 /* Main.storyboard in Resources */ = {isa = PBXBuildFile; fileRef = FCE06813270DE4C700084AE9 /* Main.storyboard */; };
		FCE06818270DE4C700084AE9 /* ToDoCoreData.xcdatamodeld in Sources */ = {isa = PBXBuildFile; fileRef = FCE06816270DE4C700084AE9 /* ToDoCoreData.xcdatamodeld */; };
		FCE0681A270DE4CB00084AE9 /* Assets.xcassets in Resources */ = {isa = PBXBuildFile; fileRef = FCE06819270DE4CB00084AE9 /* Assets.xcassets */; };
		FCE0681D270DE4CB00084AE9 /* LaunchScreen.storyboard in Resources */ = {isa = PBXBuildFile; fileRef = FCE0681B270DE4CB00084AE9 /* LaunchScreen.storyboard */; };
		FCE0682A270DE6CC00084AE9 /* CategoryViewControllers.swift in Sources */ = {isa = PBXBuildFile; fileRef = FCE06829270DE6CC00084AE9 /* CategoryViewControllers.swift */; };
		FCE0682C270DE6F800084AE9 /* ToDoListViewController.swift in Sources */ = {isa = PBXBuildFile; fileRef = FCE0682B270DE6F800084AE9 /* ToDoListViewController.swift */; };
/* End PBXBuildFile section */

/* Begin PBXFileReference section */
		FCE0680A270DE4C700084AE9 /* ToDoCoreData.app */ = {isa = PBXFileReference; explicitFileType = wrapper.application; includeInIndex = 0; path = ToDoCoreData.app; sourceTree = BUILT_PRODUCTS_DIR; };
		FCE0680D270DE4C700084AE9 /* AppDelegate.swift */ = {isa = PBXFileReference; lastKnownFileType = sourcecode.swift; path = AppDelegate.swift; sourceTree = "<group>"; };
		FCE0680F270DE4C700084AE9 /* SceneDelegate.swift */ = {isa = PBXFileReference; lastKnownFileType = sourcecode.swift; path = SceneDelegate.swift; sourceTree = "<group>"; };
		FCE06814270DE4C700084AE9 /* Base */ = {isa = PBXFileReference; lastKnownFileType = file.storyboard; name = Base; path = Base.lproj/Main.storyboard; sourceTree = "<group>"; };
		FCE06817270DE4C700084AE9 /* ToDoCoreData.xcdatamodel */ = {isa = PBXFileReference; lastKnownFileType = wrapper.xcdatamodel; path = ToDoCoreData.xcdatamodel; sourceTree = "<group>"; };
		FCE06819270DE4CB00084AE9 /* Assets.xcassets */ = {isa = PBXFileReference; lastKnownFileType = folder.assetcatalog; path = Assets.xcassets; sourceTree = "<group>"; };
		FCE0681C270DE4CB00084AE9 /* Base */ = {isa = PBXFileReference; lastKnownFileType = file.storyboard; name = Base; path = Base.lproj/LaunchScreen.storyboard; sourceTree = "<group>"; };
		FCE0681E270DE4CB00084AE9 /* Info.plist */ = {isa = PBXFileReference; lastKnownFileType = text.plist.xml; path = Info.plist; sourceTree = "<group>"; };
		FCE06829270DE6CC00084AE9 /* CategoryViewControllers.swift */ = {isa = PBXFileReference; lastKnownFileType = sourcecode.swift; path = CategoryViewControllers.swift; sourceTree = "<group>"; };
		FCE0682B270DE6F800084AE9 /* ToDoListViewController.swift */ = {isa = PBXFileReference; lastKnownFileType = sourcecode.swift; path = ToDoListViewController.swift; sourceTree = "<group>"; };
/* End PBXFileReference section */

/* Begin PBXFrameworksBuildPhase section */
		FCE06807270DE4C700084AE9 /* Frameworks */ = {
			isa = PBXFrameworksBuildPhase;
			buildActionMask = 2147483647;
			files = (
			);
			runOnlyForDeploymentPostprocessing = 0;
		};
/* End PBXFrameworksBuildPhase section */

/* Begin PBXGroup section */
		FCE06801270DE4C700084AE9 = {
			isa = PBXGroup;
			children = (
				FCE0680C270DE4C700084AE9 /* ToDoCoreData */,
				FCE0680B270DE4C700084AE9 /* Products */,
			);
			sourceTree = "<group>";
		};
		FCE0680B270DE4C700084AE9 /* Products */ = {
			isa = PBXGroup;
			children = (
				FCE0680A270DE4C700084AE9 /* ToDoCoreData.app */,
			);
			name = Products;
			sourceTree = "<group>";
		};
		FCE0680C270DE4C700084AE9 /* ToDoCoreData */ = {
			isa = PBXGroup;
			children = (
				FCE06827270DE51000084AE9 /* DataModels */,
				FCE06825270DE4F500084AE9 /* Views */,
				FCE06828270DE53900084AE9 /* Controllers */,
				FCE06824270DE4E200084AE9 /* AppDelegates */,
				FCE06826270DE50500084AE9 /* Resourse */,
				FCE0681E270DE4CB00084AE9 /* Info.plist */,
			);
			path = ToDoCoreData;
			sourceTree = "<group>";
		};
		FCE06824270DE4E200084AE9 /* AppDelegates */ = {
			isa = PBXGroup;
			children = (
				FCE0680D270DE4C700084AE9 /* AppDelegate.swift */,
				FCE0680F270DE4C700084AE9 /* SceneDelegate.swift */,
			);
			path = AppDelegates;
			sourceTree = "<group>";
		};
		FCE06825270DE4F500084AE9 /* Views */ = {
			isa = PBXGroup;
			children = (
				FCE06813270DE4C700084AE9 /* Main.storyboard */,
				FCE0681B270DE4CB00084AE9 /* LaunchScreen.storyboard */,
			);
			path = Views;
			sourceTree = "<group>";
		};
		FCE06826270DE50500084AE9 /* Resourse */ = {
			isa = PBXGroup;
			children = (
				FCE06819270DE4CB00084AE9 /* Assets.xcassets */,
			);
			path = Resourse;
			sourceTree = "<group>";
		};
		FCE06827270DE51000084AE9 /* DataModels */ = {
			isa = PBXGroup;
			children = (
				FCE06816270DE4C700084AE9 /* ToDoCoreData.xcdatamodeld */,
			);
			path = DataModels;
			sourceTree = "<group>";
		};
		FCE06828270DE53900084AE9 /* Controllers */ = {
			isa = PBXGroup;
			children = (
				FCE06829270DE6CC00084AE9 /* CategoryViewControllers.swift */,
				FCE0682B270DE6F800084AE9 /* ToDoListViewController.swift */,
			);
			path = Controllers;
			sourceTree = "<group>";
		};
/* End PBXGroup section */

/* Begin PBXNativeTarget section */
		FCE06809270DE4C700084AE9 /* ToDoCoreData */ = {
			isa = PBXNativeTarget;
			buildConfigurationList = FCE06821270DE4CB00084AE9 /* Build configuration list for PBXNativeTarget "ToDoCoreData" */;
			buildPhases = (
				FCE06806270DE4C700084AE9 /* Sources */,
				FCE06807270DE4C700084AE9 /* Frameworks */,
				FCE06808270DE4C700084AE9 /* Resources */,
			);
			buildRules = (
			);
			dependencies = (
			);
			name = ToDoCoreData;
			productName = ToDoCoreData;
			productReference = FCE0680A270DE4C700084AE9 /* ToDoCoreData.app */;
			productType = "com.apple.product-type.application";
		};
/* End PBXNativeTarget section */

/* Begin PBXProject section */
		FCE06802270DE4C700084AE9 /* Project object */ = {
			isa = PBXProject;
			attributes = {
				LastSwiftUpdateCheck = 1130;
				LastUpgradeCheck = 1130;
				ORGANIZATIONNAME = "Александр Басов";
				TargetAttributes = {
					FCE06809270DE4C700084AE9 = {
						CreatedOnToolsVersion = 11.3.1;
					};
				};
			};
			buildConfigurationList = FCE06805270DE4C700084AE9 /* Build configuration list for PBXProject "ToDoCoreData" */;
			compatibilityVersion = "Xcode 9.3";
			developmentRegion = en;
			hasScannedForEncodings = 0;
			knownRegions = (
				en,
				Base,
			);
			mainGroup = FCE06801270DE4C700084AE9;
			productRefGroup = FCE0680B270DE4C700084AE9 /* Products */;
			projectDirPath = "";
			projectRoot = "";
			targets = (
				FCE06809270DE4C700084AE9 /* ToDoCoreData */,
			);
		};
/* End PBXProject section */

/* Begin PBXResourcesBuildPhase section */
		FCE06808270DE4C700084AE9 /* Resources */ = {
			isa = PBXResourcesBuildPhase;
			buildActionMask = 2147483647;
			files = (
				FCE0681D270DE4CB00084AE9 /* LaunchScreen.storyboard in Resources */,
				FCE0681A270DE4CB00084AE9 /* Assets.xcassets in Resources */,
				FCE06815270DE4C700084AE9 /* Main.storyboard in Resources */,
			);
			runOnlyForDeploymentPostprocessing = 0;
		};
/* End PBXResourcesBuildPhase section */

/* Begin PBXSourcesBuildPhase section */
		FCE06806270DE4C700084AE9 /* Sources */ = {
			isa = PBXSourcesBuildPhase;
			buildActionMask = 2147483647;
			files = (
				FCE0682A270DE6CC00084AE9 /* CategoryViewControllers.swift in Sources */,
				FCE0680E270DE4C700084AE9 /* AppDelegate.swift in Sources */,
				FCE06818270DE4C700084AE9 /* ToDoCoreData.xcdatamodeld in Sources */,
				FCE0682C270DE6F800084AE9 /* ToDoListViewController.swift in Sources */,
				FCE06810270DE4C700084AE9 /* SceneDelegate.swift in Sources */,
			);
			runOnlyForDeploymentPostprocessing = 0;
		};
/* End PBXSourcesBuildPhase section */

/* Begin PBXVariantGroup section */
		FCE06813270DE4C700084AE9 /* Main.storyboard */ = {
			isa = PBXVariantGroup;
			children = (
				FCE06814270DE4C700084AE9 /* Base */,
			);
			name = Main.storyboard;
			sourceTree = "<group>";
		};
		FCE0681B270DE4CB00084AE9 /* LaunchScreen.storyboard */ = {
			isa = PBXVariantGroup;
			children = (
				FCE0681C270DE4CB00084AE9 /* Base */,
			);
			name = LaunchScreen.storyboard;
			sourceTree = "<group>";
		};
/* End PBXVariantGroup section */

/* Begin XCBuildConfiguration section */
		FCE0681F270DE4CB00084AE9 /* Debug */ = {
			isa = XCBuildConfiguration;
			buildSettings = {
				ALWAYS_SEARCH_USER_PATHS = NO;
				CLANG_ANALYZER_NONNULL = YES;
				CLANG_ANALYZER_NUMBER_OBJECT_CONVERSION = YES_AGGRESSIVE;
				CLANG_CXX_LANGUAGE_STANDARD = "gnu++14";
				CLANG_CXX_LIBRARY = "libc++";
				CLANG_ENABLE_MODULES = YES;
				CLANG_ENABLE_OBJC_ARC = YES;
				CLANG_ENABLE_OBJC_WEAK = YES;
				CLANG_WARN_BLOCK_CAPTURE_AUTORELEASING = YES;
				CLANG_WARN_BOOL_CONVERSION = YES;
				CLANG_WARN_COMMA = YES;
				CLANG_WARN_CONSTANT_CONVERSION = YES;
				CLANG_WARN_DEPRECATED_OBJC_IMPLEMENTATIONS = YES;
				CLANG_WARN_DIRECT_OBJC_ISA_USAGE = YES_ERROR;
				CLANG_WARN_DOCUMENTATION_COMMENTS = YES;
				CLANG_WARN_EMPTY_BODY = YES;
				CLANG_WARN_ENUM_CONVERSION = YES;
				CLANG_WARN_INFINITE_RECURSION = YES;
				CLANG_WARN_INT_CONVERSION = YES;
				CLANG_WARN_NON_LITERAL_NULL_CONVERSION = YES;
				CLANG_WARN_OBJC_IMPLICIT_RETAIN_SELF = YES;
				CLANG_WARN_OBJC_LITERAL_CONVERSION = YES;
				CLANG_WARN_OBJC_ROOT_CLASS = YES_ERROR;
				CLANG_WARN_RANGE_LOOP_ANALYSIS = YES;
				CLANG_WARN_STRICT_PROTOTYPES = YES;
				CLANG_WARN_SUSPICIOUS_MOVE = YES;
				CLANG_WARN_UNGUARDED_AVAILABILITY = YES_AGGRESSIVE;
				CLANG_WARN_UNREACHABLE_CODE = YES;
				CLANG_WARN__DUPLICATE_METHOD_MATCH = YES;
				COPY_PHASE_STRIP = NO;
				DEBUG_INFORMATION_FORMAT = dwarf;
				ENABLE_STRICT_OBJC_MSGSEND = YES;
				ENABLE_TESTABILITY = YES;
				GCC_C_LANGUAGE_STANDARD = gnu11;
				GCC_DYNAMIC_NO_PIC = NO;
				GCC_NO_COMMON_BLOCKS = YES;
				GCC_OPTIMIZATION_LEVEL = 0;
				GCC_PREPROCESSOR_DEFINITIONS = (
					"DEBUG=1",
					"$(inherited)",
				);
				GCC_WARN_64_TO_32_BIT_CONVERSION = YES;
				GCC_WARN_ABOUT_RETURN_TYPE = YES_ERROR;
				GCC_WARN_UNDECLARED_SELECTOR = YES;
				GCC_WARN_UNINITIALIZED_AUTOS = YES_AGGRESSIVE;
				GCC_WARN_UNUSED_FUNCTION = YES;
				GCC_WARN_UNUSED_VARIABLE = YES;
				IPHONEOS_DEPLOYMENT_TARGET = 13.2;
				MTL_ENABLE_DEBUG_INFO = INCLUDE_SOURCE;
				MTL_FAST_MATH = YES;
				ONLY_ACTIVE_ARCH = YES;
				SDKROOT = iphoneos;
				SWIFT_ACTIVE_COMPILATION_CONDITIONS = DEBUG;
				SWIFT_OPTIMIZATION_LEVEL = "-Onone";
			};
			name = Debug;
		};
		FCE06820270DE4CB00084AE9 /* Release */ = {
			isa = XCBuildConfiguration;
			buildSettings = {
				ALWAYS_SEARCH_USER_PATHS = NO;
				CLANG_ANALYZER_NONNULL = YES;
				CLANG_ANALYZER_NUMBER_OBJECT_CONVERSION = YES_AGGRESSIVE;
				CLANG_CXX_LANGUAGE_STANDARD = "gnu++14";
				CLANG_CXX_LIBRARY = "libc++";
				CLANG_ENABLE_MODULES = YES;
				CLANG_ENABLE_OBJC_ARC = YES;
				CLANG_ENABLE_OBJC_WEAK = YES;
				CLANG_WARN_BLOCK_CAPTURE_AUTORELEASING = YES;
				CLANG_WARN_BOOL_CONVERSION = YES;
				CLANG_WARN_COMMA = YES;
				CLANG_WARN_CONSTANT_CONVERSION = YES;
				CLANG_WARN_DEPRECATED_OBJC_IMPLEMENTATIONS = YES;
				CLANG_WARN_DIRECT_OBJC_ISA_USAGE = YES_ERROR;
				CLANG_WARN_DOCUMENTATION_COMMENTS = YES;
				CLANG_WARN_EMPTY_BODY = YES;
				CLANG_WARN_ENUM_CONVERSION = YES;
				CLANG_WARN_INFINITE_RECURSION = YES;
				CLANG_WARN_INT_CONVERSION = YES;
				CLANG_WARN_NON_LITERAL_NULL_CONVERSION = YES;
				CLANG_WARN_OBJC_IMPLICIT_RETAIN_SELF = YES;
				CLANG_WARN_OBJC_LITERAL_CONVERSION = YES;
				CLANG_WARN_OBJC_ROOT_CLASS = YES_ERROR;
				CLANG_WARN_RANGE_LOOP_ANALYSIS = YES;
				CLANG_WARN_STRICT_PROTOTYPES = YES;
				CLANG_WARN_SUSPICIOUS_MOVE = YES;
				CLANG_WARN_UNGUARDED_AVAILABILITY = YES_AGGRESSIVE;
				CLANG_WARN_UNREACHABLE_CODE = YES;
				CLANG_WARN__DUPLICATE_METHOD_MATCH = YES;
				COPY_PHASE_STRIP = NO;
				DEBUG_INFORMATION_FORMAT = "dwarf-with-dsym";
				ENABLE_NS_ASSERTIONS = NO;
				ENABLE_STRICT_OBJC_MSGSEND = YES;
				GCC_C_LANGUAGE_STANDARD = gnu11;
				GCC_NO_COMMON_BLOCKS = YES;
				GCC_WARN_64_TO_32_BIT_CONVERSION = YES;
				GCC_WARN_ABOUT_RETURN_TYPE = YES_ERROR;
				GCC_WARN_UNDECLARED_SELECTOR = YES;
				GCC_WARN_UNINITIALIZED_AUTOS = YES_AGGRESSIVE;
				GCC_WARN_UNUSED_FUNCTION = YES;
				GCC_WARN_UNUSED_VARIABLE = YES;
				IPHONEOS_DEPLOYMENT_TARGET = 13.2;
				MTL_ENABLE_DEBUG_INFO = NO;
				MTL_FAST_MATH = YES;
				SDKROOT = iphoneos;
				SWIFT_COMPILATION_MODE = wholemodule;
				SWIFT_OPTIMIZATION_LEVEL = "-O";
				VALIDATE_PRODUCT = YES;
			};
			name = Release;
		};
		FCE06822270DE4CB00084AE9 /* Debug */ = {
			isa = XCBuildConfiguration;
			buildSettings = {
				ASSETCATALOG_COMPILER_APPICON_NAME = AppIcon;
				CODE_SIGN_STYLE = Automatic;
				DEVELOPMENT_TEAM = X272L3SJN4;
				INFOPLIST_FILE = ToDoCoreData/Info.plist;
				LD_RUNPATH_SEARCH_PATHS = (
					"$(inherited)",
					"@executable_path/Frameworks",
				);
				PRODUCT_BUNDLE_IDENTIFIER = by.testtt.ToDoCoreData;
				PRODUCT_NAME = "$(TARGET_NAME)";
				SWIFT_VERSION = 5.0;
				TARGETED_DEVICE_FAMILY = "1,2";
			};
			name = Debug;
		};
		FCE06823270DE4CB00084AE9 /* Release */ = {
			isa = XCBuildConfiguration;
			buildSettings = {
				ASSETCATALOG_COMPILER_APPICON_NAME = AppIcon;
				CODE_SIGN_STYLE = Automatic;
				DEVELOPMENT_TEAM = X272L3SJN4;
				INFOPLIST_FILE = ToDoCoreData/Info.plist;
				LD_RUNPATH_SEARCH_PATHS = (
					"$(inherited)",
					"@executable_path/Frameworks",
				);
				PRODUCT_BUNDLE_IDENTIFIER = by.testtt.ToDoCoreData;
				PRODUCT_NAME = "$(TARGET_NAME)";
				SWIFT_VERSION = 5.0;
				TARGETED_DEVICE_FAMILY = "1,2";
			};
			name = Release;
		};
/* End XCBuildConfiguration section */

/* Begin XCConfigurationList section */
		FCE06805270DE4C700084AE9 /* Build configuration list for PBXProject "ToDoCoreData" */ = {
			isa = XCConfigurationList;
			buildConfigurations = (
				FCE0681F270DE4CB00084AE9 /* Debug */,
				FCE06820270DE4CB00084AE9 /* Release */,
			);
			defaultConfigurationIsVisible = 0;
			defaultConfigurationName = Release;
		};
		FCE06821270DE4CB00084AE9 /* Build configuration list for PBXNativeTarget "ToDoCoreData" */ = {
			isa = XCConfigurationList;
			buildConfigurations = (
				FCE06822270DE4CB00084AE9 /* Debug */,
				FCE06823270DE4CB00084AE9 /* Release */,
			);
			defaultConfigurationIsVisible = 0;
			defaultConfigurationName = Release;
		};
/* End XCConfigurationList section */

/* Begin XCVersionGroup section */
		FCE06816270DE4C700084AE9 /* ToDoCoreData.xcdatamodeld */ = {
			isa = XCVersionGroup;
			children = (
				FCE06817270DE4C700084AE9 /* ToDoCoreData.xcdatamodel */,
			);
			currentVersion = FCE06817270DE4C700084AE9 /* ToDoCoreData.xcdatamodel */;
			path = ToDoCoreData.xcdatamodeld;
			sourceTree = "<group>";
			versionGroupType = wrapper.xcdatamodel;
		};
/* End XCVersionGroup section */
	};
	rootObject = FCE06802270DE4C700084AE9 /* Project object */;
}
